
Microsoft Visual Studio Solution File, Format Version 12.00
Project("{FAE04EC0-301F-11D3-BF4B-00C04F79EFBC}") = "MachineLearningHelloWorld", "MachineLearningHelloWorld\MachineLearningHelloWorld.csproj", "{6C33363F-993F-49EF-A8C1-D5745DDEC2CF}"
EndProject
Global
	GlobalSection(SolutionConfigurationPlatforms) = preSolution
		Debug|Any CPU = Debug|Any CPU
		Release|Any CPU = Release|Any CPU
	EndGlobalSection
	GlobalSection(ProjectConfigurationPlatforms) = postSolution
		{6C33363F-993F-49EF-A8C1-D5745DDEC2CF}.Debug|Any CPU.ActiveCfg = Debug|Any CPU
		{6C33363F-993F-49EF-A8C1-D5745DDEC2CF}.Debug|Any CPU.Build.0 = Debug|Any CPU
		{6C33363F-993F-49EF-A8C1-D5745DDEC2CF}.Release|Any CPU.ActiveCfg = Release|Any CPU
		{6C33363F-993F-49EF-A8C1-D5745DDEC2CF}.Release|Any CPU.Build.0 = Release|Any CPU
	EndGlobalSection
EndGlobal
